
Microsoft Visual Studio Solution File, Format Version 12.00
# Visual Studio Version 16
VisualStudioVersion = 16.0.32413.511
MinimumVisualStudioVersion = 10.0.40219.1
Project("{FAE04EC0-301F-11D3-BF4B-00C04F79EFBC}") = "ChatBot.NET", "ChatBot.NET.csproj", "{BB998033-8CD5-4090-A96F-01F9869516EA}"
EndProject
Global
	GlobalSection(SolutionConfigurationPlatforms) = preSolution
		Debug|Any CPU = Debug|Any CPU
		Release|Any CPU = Release|Any CPU
	EndGlobalSection
	GlobalSection(ProjectConfigurationPlatforms) = postSolution
		{BB998033-8CD5-4090-A96F-01F9869516EA}.Debug|Any CPU.ActiveCfg = Debug|Any CPU
		{BB998033-8CD5-4090-A96F-01F9869516EA}.Debug|Any CPU.Build.0 = Debug|Any CPU
		{BB998033-8CD5-4090-A96F-01F9869516EA}.Release|Any CPU.ActiveCfg = Release|Any CPU
		{BB998033-8CD5-4090-A96F-01F9869516EA}.Release|Any CPU.Build.0 = Release|Any CPU
	EndGlobalSection
	GlobalSection(SolutionProperties) = preSolution
		HideSolutionNode = FALSE
	EndGlobalSection
	GlobalSection(ExtensibilityGlobals) = postSolution
		SolutionGuid = {E4598A1B-2D92-432F-BA0F-0F7B5DB19430}
	EndGlobalSection
EndGlobal
